{
  "name": "ast-index",
  "lockfileVersion": 3,
  "requires": true,
  "packages": {
    "": {
      "dependencies": {
        "@ast-index/cli": "3.55.0"
      }
    },
    "node_modules/@ast-index/cli": {
      "version": "3.55.0",
      "resolved": "https://registry.npmjs.org/@ast-index/cli/-/cli-3.55.0.tgz",
      "integrity": "sha512-bCXZBNarqhIBO/7COEqIOf16E1z1E8pFpVAzwuyR1xdawhEesv3Dbhgn+aC72uNqc4xcgBv9KTRkZf8H5YqdnA==",
      "license": "MIT",
      "bin": {
        "ast-index": "bin/ast-index"
      },
      "engines": {
        "node": ">=14"
      },
      "optionalDependencies": {
        "@ast-index/cli-darwin-arm64": "3.55.0",
        "@ast-index/cli-darwin-x64": "3.55.0",
        "@ast-index/cli-linux-arm64": "3.55.0",
        "@ast-index/cli-linux-x64": "3.55.0",
        "@ast-index/cli-win32-x64": "3.55.0"
      }
    },
    "node_modules/@ast-index/cli-darwin-arm64": {
      "version": "3.55.0",
      "resolved": "https://registry.npmjs.org/@ast-index/cli-darwin-arm64/-/cli-darwin-arm64-3.55.0.tgz",
      "integrity": "sha512-ttJi1dT+70zkfpaowflkB4fchS/ADgAv8dzRO5nI/fSjb1kOkEDnIPdjcjIfg+jNy4jMSkZH30qB+5stx4b5+Q==",
      "cpu": [
        "arm64"
      ],
      "license": "MIT",
      "optional": true,
      "os": [
        "darwin"
      ],
      "bin": {
        "ast-index": "bin/ast-index"
      }
    },
    "node_modules/@ast-index/cli-darwin-x64": {
      "version": "3.55.0",
      "resolved": "https://registry.npmjs.org/@ast-index/cli-darwin-x64/-/cli-darwin-x64-3.55.0.tgz",
      "integrity": "sha512-XiEy9+ShpsEKir5RmLyr0c3m2P9c7ioYtPYRYM2EsX84CGWhM6Z48vpeZUJyznrygEHdcrqv1wWH67Jy4CH7dA==",
      "cpu": [
        "x64"
      ],
      "license": "MIT",
      "optional": true,
      "os": [
        "darwin"
      ],
      "bin": {
        "ast-index": "bin/ast-index"
      }
    },
    "node_modules/@ast-index/cli-linux-arm64": {
      "version": "3.55.0",
      "resolved": "https://registry.npmjs.org/@ast-index/cli-linux-arm64/-/cli-linux-arm64-3.55.0.tgz",
      "integrity": "sha512-RIyxOKh/2eOwKS+cr/6SkUIZr3comfKeFaVPn+hCJ9bai2dLOWZJ9oUypg0YfKn7gn2CWP3sjfsOp7RI6toeTA==",
      "cpu": [
        "arm64"
      ],
      "license": "MIT",
      "optional": true,
      "os": [
        "linux"
      ],
      "bin": {
        "ast-index": "bin/ast-index"
      }
    },
    "node_modules/@ast-index/cli-linux-x64": {
      "version": "3.55.0",
      "resolved": "https://registry.npmjs.org/@ast-index/cli-linux-x64/-/cli-linux-x64-3.55.0.tgz",
      "integrity": "sha512-U1e2cP818kdHs4WkTcJlQdRCQL56WvhbyesGWXsuE5Im+Xu2LiHBed+hwqOMfBE9/8KQduxH9uYkcmihNLUA0A==",
      "cpu": [
        "x64"
      ],
      "license": "MIT",
      "optional": true,
      "os": [
        "linux"
      ],
      "bin": {
        "ast-index": "bin/ast-index"
      }
    },
    "node_modules/@ast-index/cli-win32-x64": {
      "version": "3.55.0",
      "resolved": "https://registry.npmjs.org/@ast-index/cli-win32-x64/-/cli-win32-x64-3.55.0.tgz",
      "integrity": "sha512-IiD5f1ZTKk3syGtRuFrI+jD1I/r8j2UNXNvZJU2pWQXoT3r1mYbpdLUou8m1QCBrnlxBsSdNnwyavtHqcV+0ug==",
      "cpu": [
        "x64"
      ],
      "license": "MIT",
      "optional": true,
      "os": [
        "win32"
      ],
      "bin": {
        "ast-index": "bin/ast-index.exe"
      }
    }
  }
}
